// !$*UTF8*$!
{
	archiveVersion = 1;
	classes = {
	};
	objectVersion = 50;
	objects = {

/* Begin PBXBuildFile section */
		52B792BA255620A500C6DBBB /* AppDelegate.swift in Sources */ = {isa = PBXBuildFile; fileRef = 52B792B9255620A500C6DBBB /* AppDelegate.swift */; };
		52B792BC255620A500C6DBBB /* SceneDelegate.swift in Sources */ = {isa = PBXBuildFile; fileRef = 52B792BB255620A500C6DBBB /* SceneDelegate.swift */; };
		52B792BE255620A500C6DBBB /* ContentView.swift in Sources */ = {isa = PBXBuildFile; fileRef = 52B792BD255620A500C6DBBB /* ContentView.swift */; };
		52B792C0255620A900C6DBBB /* Assets.xcassets in Resources */ = {isa = PBXBuildFile; fileRef = 52B792BF255620A900C6DBBB /* Assets.xcassets */; };
		52B792C3255620A900C6DBBB /* Preview Assets.xcassets in Resources */ = {isa = PBXBuildFile; fileRef = 52B792C2255620A900C6DBBB /* Preview Assets.xcassets */; };
		52B792C6255620A900C6DBBB /* LaunchScreen.storyboard in Resources */ = {isa = PBXBuildFile; fileRef = 52B792C4255620A900C6DBBB /* LaunchScreen.storyboard */; };
		52B792D1255620A900C6DBBB /* NabeatsuCountUpTests.swift in Sources */ = {isa = PBXBuildFile; fileRef = 52B792D0255620A900C6DBBB /* NabeatsuCountUpTests.swift */; };
		52B792DC255620A900C6DBBB /* NabeatsuCountUpUITests.swift in Sources */ = {isa = PBXBuildFile; fileRef = 52B792DB255620A900C6DBBB /* NabeatsuCountUpUITests.swift */; };
/* End PBXBuildFile section */

/* Begin PBXContainerItemProxy section */
		52B792CD255620A900C6DBBB /* PBXContainerItemProxy */ = {
			isa = PBXContainerItemProxy;
			containerPortal = 52B792AE255620A500C6DBBB /* Project object */;
			proxyType = 1;
			remoteGlobalIDString = 52B792B5255620A500C6DBBB;
			remoteInfo = NabeatsuCountUp;
		};
		52B792D8255620A900C6DBBB /* PBXContainerItemProxy */ = {
			isa = PBXContainerItemProxy;
			containerPortal = 52B792AE255620A500C6DBBB /* Project object */;
			proxyType = 1;
			remoteGlobalIDString = 52B792B5255620A500C6DBBB;
			remoteInfo = NabeatsuCountUp;
		};
/* End PBXContainerItemProxy section */

/* Begin PBXFileReference section */
		52B792B6255620A500C6DBBB /* NabeatsuCountUp.app */ = {isa = PBXFileReference; explicitFileType = wrapper.application; includeInIndex = 0; path = NabeatsuCountUp.app; sourceTree = BUILT_PRODUCTS_DIR; };
		52B792B9255620A500C6DBBB /* AppDelegate.swift */ = {isa = PBXFileReference; lastKnownFileType = sourcecode.swift; path = AppDelegate.swift; sourceTree = "<group>"; };
		52B792BB255620A500C6DBBB /* SceneDelegate.swift */ = {isa = PBXFileReference; lastKnownFileType = sourcecode.swift; path = SceneDelegate.swift; sourceTree = "<group>"; };
		52B792BD255620A500C6DBBB /* ContentView.swift */ = {isa = PBXFileReference; lastKnownFileType = sourcecode.swift; path = ContentView.swift; sourceTree = "<group>"; };
		52B792BF255620A900C6DBBB /* Assets.xcassets */ = {isa = PBXFileReference; lastKnownFileType = folder.assetcatalog; path = Assets.xcassets; sourceTree = "<group>"; };
		52B792C2255620A900C6DBBB /* Preview Assets.xcassets */ = {isa = PBXFileReference; lastKnownFileType = folder.assetcatalog; path = "Preview Assets.xcassets"; sourceTree = "<group>"; };
		52B792C5255620A900C6DBBB /* Base */ = {isa = PBXFileReference; lastKnownFileType = file.storyboard; name = Base; path = Base.lproj/LaunchScreen.storyboard; sourceTree = "<group>"; };
		52B792C7255620A900C6DBBB /* Info.plist */ = {isa = PBXFileReference; lastKnownFileType = text.plist.xml; path = Info.plist; sourceTree = "<group>"; };
		52B792CC255620A900C6DBBB /* NabeatsuCountUpTests.xctest */ = {isa = PBXFileReference; explicitFileType = wrapper.cfbundle; includeInIndex = 0; path = NabeatsuCountUpTests.xctest; sourceTree = BUILT_PRODUCTS_DIR; };
		52B792D0255620A900C6DBBB /* NabeatsuCountUpTests.swift */ = {isa = PBXFileReference; lastKnownFileType = sourcecode.swift; path = NabeatsuCountUpTests.swift; sourceTree = "<group>"; };
		52B792D2255620A900C6DBBB /* Info.plist */ = {isa = PBXFileReference; lastKnownFileType = text.plist.xml; path = Info.plist; sourceTree = "<group>"; };
		52B792D7255620A900C6DBBB /* NabeatsuCountUpUITests.xctest */ = {isa = PBXFileReference; explicitFileType = wrapper.cfbundle; includeInIndex = 0; path = NabeatsuCountUpUITests.xctest; sourceTree = BUILT_PRODUCTS_DIR; };
		52B792DB255620A900C6DBBB /* NabeatsuCountUpUITests.swift */ = {isa = PBXFileReference; lastKnownFileType = sourcecode.swift; path = NabeatsuCountUpUITests.swift; sourceTree = "<group>"; };
		52B792DD255620A900C6DBBB /* Info.plist */ = {isa = PBXFileReference; lastKnownFileType = text.plist.xml; path = Info.plist; sourceTree = "<group>"; };
/* End PBXFileReference section */

/* Begin PBXFrameworksBuildPhase section */
		52B792B3255620A500C6DBBB /* Frameworks */ = {
			isa = PBXFrameworksBuildPhase;
			buildActionMask = 2147483647;
			files = (
			);
			runOnlyForDeploymentPostprocessing = 0;
		};
		52B792C9255620A900C6DBBB /* Frameworks */ = {
			isa = PBXFrameworksBuildPhase;
			buildActionMask = 2147483647;
			files = (
			);
			runOnlyForDeploymentPostprocessing = 0;
		};
		52B792D4255620A900C6DBBB /* Frameworks */ = {
			isa = PBXFrameworksBuildPhase;
			buildActionMask = 2147483647;
			files = (
			);
			runOnlyForDeploymentPostprocessing = 0;
		};
/* End PBXFrameworksBuildPhase section */

/* Begin PBXGroup section */
		52B792AD255620A500C6DBBB = {
			isa = PBXGroup;
			children = (
				52B792B8255620A500C6DBBB /* NabeatsuCountUp */,
				52B792CF255620A900C6DBBB /* NabeatsuCountUpTests */,
				52B792DA255620A900C6DBBB /* NabeatsuCountUpUITests */,
				52B792B7255620A500C6DBBB /* Products */,
			);
			sourceTree = "<group>";
		};
		52B792B7255620A500C6DBBB /* Products */ = {
			isa = PBXGroup;
			children = (
				52B792B6255620A500C6DBBB /* NabeatsuCountUp.app */,
				52B792CC255620A900C6DBBB /* NabeatsuCountUpTests.xctest */,
				52B792D7255620A900C6DBBB /* NabeatsuCountUpUITests.xctest */,
			);
			name = Products;
			sourceTree = "<group>";
		};
		52B792B8255620A500C6DBBB /* NabeatsuCountUp */ = {
			isa = PBXGroup;
			children = (
				52B792B9255620A500C6DBBB /* AppDelegate.swift */,
				52B792BB255620A500C6DBBB /* SceneDelegate.swift */,
				52B792BD255620A500C6DBBB /* ContentView.swift */,
				52B792BF255620A900C6DBBB /* Assets.xcassets */,
				52B792C4255620A900C6DBBB /* LaunchScreen.storyboard */,
				52B792C7255620A900C6DBBB /* Info.plist */,
				52B792C1255620A900C6DBBB /* Preview Content */,
			);
			path = NabeatsuCountUp;
			sourceTree = "<group>";
		};
		52B792C1255620A900C6DBBB /* Preview Content */ = {
			isa = PBXGroup;
			children = (
				52B792C2255620A900C6DBBB /* Preview Assets.xcassets */,
			);
			path = "Preview Content";
			sourceTree = "<group>";
		};
		52B792CF255620A900C6DBBB /* NabeatsuCountUpTests */ = {
			isa = PBXGroup;
			children = (
				52B792D0255620A900C6DBBB /* NabeatsuCountUpTests.swift */,
				52B792D2255620A900C6DBBB /* Info.plist */,
			);
			path = NabeatsuCountUpTests;
			sourceTree = "<group>";
		};
		52B792DA255620A900C6DBBB /* NabeatsuCountUpUITests */ = {
			isa = PBXGroup;
			children = (
				52B792DB255620A900C6DBBB /* NabeatsuCountUpUITests.swift */,
				52B792DD255620A900C6DBBB /* Info.plist */,
			);
			path = NabeatsuCountUpUITests;
			sourceTree = "<group>";
		};
/* End PBXGroup section */

/* Begin PBXNativeTarget section */
		52B792B5255620A500C6DBBB /* NabeatsuCountUp */ = {
			isa = PBXNativeTarget;
			buildConfigurationList = 52B792E0255620A900C6DBBB /* Build configuration list for PBXNativeTarget "NabeatsuCountUp" */;
			buildPhases = (
				52B792B2255620A500C6DBBB /* Sources */,
				52B792B3255620A500C6DBBB /* Frameworks */,
				52B792B4255620A500C6DBBB /* Resources */,
			);
			buildRules = (
			);
			dependencies = (
			);
			name = NabeatsuCountUp;
			productName = NabeatsuCountUp;
			productReference = 52B792B6255620A500C6DBBB /* NabeatsuCountUp.app */;
			productType = "com.apple.product-type.application";
		};
		52B792CB255620A900C6DBBB /* NabeatsuCountUpTests */ = {
			isa = PBXNativeTarget;
			buildConfigurationList = 52B792E3255620A900C6DBBB /* Build configuration list for PBXNativeTarget "NabeatsuCountUpTests" */;
			buildPhases = (
				52B792C8255620A900C6DBBB /* Sources */,
				52B792C9255620A900C6DBBB /* Frameworks */,
				52B792CA255620A900C6DBBB /* Resources */,
			);
			buildRules = (
			);
			dependencies = (
				52B792CE255620A900C6DBBB /* PBXTargetDependency */,
			);
			name = NabeatsuCountUpTests;
			productName = NabeatsuCountUpTests;
			productReference = 52B792CC255620A900C6DBBB /* NabeatsuCountUpTests.xctest */;
			productType = "com.apple.product-type.bundle.unit-test";
		};
		52B792D6255620A900C6DBBB /* NabeatsuCountUpUITests */ = {
			isa = PBXNativeTarget;
			buildConfigurationList = 52B792E6255620A900C6DBBB /* Build configuration list for PBXNativeTarget "NabeatsuCountUpUITests" */;
			buildPhases = (
				52B792D3255620A900C6DBBB /* Sources */,
				52B792D4255620A900C6DBBB /* Frameworks */,
				52B792D5255620A900C6DBBB /* Resources */,
			);
			buildRules = (
			);
			dependencies = (
				52B792D9255620A900C6DBBB /* PBXTargetDependency */,
			);
			name = NabeatsuCountUpUITests;
			productName = NabeatsuCountUpUITests;
			productReference = 52B792D7255620A900C6DBBB /* NabeatsuCountUpUITests.xctest */;
			productType = "com.apple.product-type.bundle.ui-testing";
		};
/* End PBXNativeTarget section */

/* Begin PBXProject section */
		52B792AE255620A500C6DBBB /* Project object */ = {
			isa = PBXProject;
			attributes = {
				LastSwiftUpdateCheck = 1140;
				LastUpgradeCheck = 1140;
				ORGANIZATIONNAME = "坂本弘輔";
				TargetAttributes = {
					52B792B5255620A500C6DBBB = {
						CreatedOnToolsVersion = 11.4;
					};
					52B792CB255620A900C6DBBB = {
						CreatedOnToolsVersion = 11.4;
						TestTargetID = 52B792B5255620A500C6DBBB;
					};
					52B792D6255620A900C6DBBB = {
						CreatedOnToolsVersion = 11.4;
						TestTargetID = 52B792B5255620A500C6DBBB;
					};
				};
			};
			buildConfigurationList = 52B792B1255620A500C6DBBB /* Build configuration list for PBXProject "NabeatsuCountUp" */;
			compatibilityVersion = "Xcode 9.3";
			developmentRegion = en;
			hasScannedForEncodings = 0;
			knownRegions = (
				en,
				Base,
			);
			mainGroup = 52B792AD255620A500C6DBBB;
			productRefGroup = 52B792B7255620A500C6DBBB /* Products */;
			projectDirPath = "";
			projectRoot = "";
			targets = (
				52B792B5255620A500C6DBBB /* NabeatsuCountUp */,
				52B792CB255620A900C6DBBB /* NabeatsuCountUpTests */,
				52B792D6255620A900C6DBBB /* NabeatsuCountUpUITests */,
			);
		};
/* End PBXProject section */

/* Begin PBXResourcesBuildPhase section */
		52B792B4255620A500C6DBBB /* Resources */ = {
			isa = PBXResourcesBuildPhase;
			buildActionMask = 2147483647;
			files = (
				52B792C6255620A900C6DBBB /* LaunchScreen.storyboard in Resources */,
				52B792C3255620A900C6DBBB /* Preview Assets.xcassets in Resources */,
				52B792C0255620A900C6DBBB /* Assets.xcassets in Resources */,
			);
			runOnlyForDeploymentPostprocessing = 0;
		};
		52B792CA255620A900C6DBBB /* Resources */ = {
			isa = PBXResourcesBuildPhase;
			buildActionMask = 2147483647;
			files = (
			);
			runOnlyForDeploymentPostprocessing = 0;
		};
		52B792D5255620A900C6DBBB /* Resources */ = {
			isa = PBXResourcesBuildPhase;
			buildActionMask = 2147483647;
			files = (
			);
			runOnlyForDeploymentPostprocessing = 0;
		};
/* End PBXResourcesBuildPhase section */

/* Begin PBXSourcesBuildPhase section */
		52B792B2255620A500C6DBBB /* Sources */ = {
			isa = PBXSourcesBuildPhase;
			buildActionMask = 2147483647;
			files = (
				52B792BA255620A500C6DBBB /* AppDelegate.swift in Sources */,
				52B792BC255620A500C6DBBB /* SceneDelegate.swift in Sources */,
				52B792BE255620A500C6DBBB /* ContentView.swift in Sources */,
			);
			runOnlyForDeploymentPostprocessing = 0;
		};
		52B792C8255620A900C6DBBB /* Sources */ = {
			isa = PBXSourcesBuildPhase;
			buildActionMask = 2147483647;
			files = (
				52B792D1255620A900C6DBBB /* NabeatsuCountUpTests.swift in Sources */,
			);
			runOnlyForDeploymentPostprocessing = 0;
		};
		52B792D3255620A900C6DBBB /* Sources */ = {
			isa = PBXSourcesBuildPhase;
			buildActionMask = 2147483647;
			files = (
				52B792DC255620A900C6DBBB /* NabeatsuCountUpUITests.swift in Sources */,
			);
			runOnlyForDeploymentPostprocessing = 0;
		};
/* End PBXSourcesBuildPhase section */

/* Begin PBXTargetDependency section */
		52B792CE255620A900C6DBBB /* PBXTargetDependency */ = {
			isa = PBXTargetDependency;
			target = 52B792B5255620A500C6DBBB /* NabeatsuCountUp */;
			targetProxy = 52B792CD255620A900C6DBBB /* PBXContainerItemProxy */;
		};
		52B792D9255620A900C6DBBB /* PBXTargetDependency */ = {
			isa = PBXTargetDependency;
			target = 52B792B5255620A500C6DBBB /* NabeatsuCountUp */;
			targetProxy = 52B792D8255620A900C6DBBB /* PBXContainerItemProxy */;
		};
/* End PBXTargetDependency section */

/* Begin PBXVariantGroup section */
		52B792C4255620A900C6DBBB /* LaunchScreen.storyboard */ = {
			isa = PBXVariantGroup;
			children = (
				52B792C5255620A900C6DBBB /* Base */,
			);
			name = LaunchScreen.storyboard;
			sourceTree = "<group>";
		};
/* End PBXVariantGroup section */

/* Begin XCBuildConfiguration section */
		52B792DE255620A900C6DBBB /* Debug */ = {
			isa = XCBuildConfiguration;
			buildSettings = {
				ALWAYS_SEARCH_USER_PATHS = NO;
				CLANG_ANALYZER_NONNULL = YES;
				CLANG_ANALYZER_NUMBER_OBJECT_CONVERSION = YES_AGGRESSIVE;
				CLANG_CXX_LANGUAGE_STANDARD = "gnu++14";
				CLANG_CXX_LIBRARY = "libc++";
				CLANG_ENABLE_MODULES = YES;
				CLANG_ENABLE_OBJC_ARC = YES;
				CLANG_ENABLE_OBJC_WEAK = YES;
				CLANG_WARN_BLOCK_CAPTURE_AUTORELEASING = YES;
				CLANG_WARN_BOOL_CONVERSION = YES;
				CLANG_WARN_COMMA = YES;
				CLANG_WARN_CONSTANT_CONVERSION = YES;
				CLANG_WARN_DEPRECATED_OBJC_IMPLEMENTATIONS = YES;
				CLANG_WARN_DIRECT_OBJC_ISA_USAGE = YES_ERROR;
				CLANG_WARN_DOCUMENTATION_COMMENTS = YES;
				CLANG_WARN_EMPTY_BODY = YES;
				CLANG_WARN_ENUM_CONVERSION = YES;
				CLANG_WARN_INFINITE_RECURSION = YES;
				CLANG_WARN_INT_CONVERSION = YES;
				CLANG_WARN_NON_LITERAL_NULL_CONVERSION = YES;
				CLANG_WARN_OBJC_IMPLICIT_RETAIN_SELF = YES;
				CLANG_WARN_OBJC_LITERAL_CONVERSION = YES;
				CLANG_WARN_OBJC_ROOT_CLASS = YES_ERROR;
				CLANG_WARN_RANGE_LOOP_ANALYSIS = YES;
				CLANG_WARN_STRICT_PROTOTYPES = YES;
				CLANG_WARN_SUSPICIOUS_MOVE = YES;
				CLANG_WARN_UNGUARDED_AVAILABILITY = YES_AGGRESSIVE;
				CLANG_WARN_UNREACHABLE_CODE = YES;
				CLANG_WARN__DUPLICATE_METHOD_MATCH = YES;
				COPY_PHASE_STRIP = NO;
				DEBUG_INFORMATION_FORMAT = dwarf;
				ENABLE_STRICT_OBJC_MSGSEND = YES;
				ENABLE_TESTABILITY = YES;
				GCC_C_LANGUAGE_STANDARD = gnu11;
				GCC_DYNAMIC_NO_PIC = NO;
				GCC_NO_COMMON_BLOCKS = YES;
				GCC_OPTIMIZATION_LEVEL = 0;
				GCC_PREPROCESSOR_DEFINITIONS = (
					"DEBUG=1",
					"$(inherited)",
				);
				GCC_WARN_64_TO_32_BIT_CONVERSION = YES;
				GCC_WARN_ABOUT_RETURN_TYPE = YES_ERROR;
				GCC_WARN_UNDECLARED_SELECTOR = YES;
				GCC_WARN_UNINITIALIZED_AUTOS = YES_AGGRESSIVE;
				GCC_WARN_UNUSED_FUNCTION = YES;
				GCC_WARN_UNUSED_VARIABLE = YES;
				IPHONEOS_DEPLOYMENT_TARGET = 13.4;
				MTL_ENABLE_DEBUG_INFO = INCLUDE_SOURCE;
				MTL_FAST_MATH = YES;
				ONLY_ACTIVE_ARCH = YES;
				SDKROOT = iphoneos;
				SWIFT_ACTIVE_COMPILATION_CONDITIONS = DEBUG;
				SWIFT_OPTIMIZATION_LEVEL = "-Onone";
			};
			name = Debug;
		};
		52B792DF255620A900C6DBBB /* Release */ = {
			isa = XCBuildConfiguration;
			buildSettings = {
				ALWAYS_SEARCH_USER_PATHS = NO;
				CLANG_ANALYZER_NONNULL = YES;
				CLANG_ANALYZER_NUMBER_OBJECT_CONVERSION = YES_AGGRESSIVE;
				CLANG_CXX_LANGUAGE_STANDARD = "gnu++14";
				CLANG_CXX_LIBRARY = "libc++";
				CLANG_ENABLE_MODULES = YES;
				CLANG_ENABLE_OBJC_ARC = YES;
				CLANG_ENABLE_OBJC_WEAK = YES;
				CLANG_WARN_BLOCK_CAPTURE_AUTORELEASING = YES;
				CLANG_WARN_BOOL_CONVERSION = YES;
				CLANG_WARN_COMMA = YES;
				CLANG_WARN_CONSTANT_CONVERSION = YES;
				CLANG_WARN_DEPRECATED_OBJC_IMPLEMENTATIONS = YES;
				CLANG_WARN_DIRECT_OBJC_ISA_USAGE = YES_ERROR;
				CLANG_WARN_DOCUMENTATION_COMMENTS = YES;
				CLANG_WARN_EMPTY_BODY = YES;
				CLANG_WARN_ENUM_CONVERSION = YES;
				CLANG_WARN_INFINITE_RECURSION = YES;
				CLANG_WARN_INT_CONVERSION = YES;
				CLANG_WARN_NON_LITERAL_NULL_CONVERSION = YES;
				CLANG_WARN_OBJC_IMPLICIT_RETAIN_SELF = YES;
				CLANG_WARN_OBJC_LITERAL_CONVERSION = YES;
				CLANG_WARN_OBJC_ROOT_CLASS = YES_ERROR;
				CLANG_WARN_RANGE_LOOP_ANALYSIS = YES;
				CLANG_WARN_STRICT_PROTOTYPES = YES;
				CLANG_WARN_SUSPICIOUS_MOVE = YES;
				CLANG_WARN_UNGUARDED_AVAILABILITY = YES_AGGRESSIVE;
				CLANG_WARN_UNREACHABLE_CODE = YES;
				CLANG_WARN__DUPLICATE_METHOD_MATCH = YES;
				COPY_PHASE_STRIP = NO;
				DEBUG_INFORMATION_FORMAT = "dwarf-with-dsym";
				ENABLE_NS_ASSERTIONS = NO;
				ENABLE_STRICT_OBJC_MSGSEND = YES;
				GCC_C_LANGUAGE_STANDARD = gnu11;
				GCC_NO_COMMON_BLOCKS = YES;
				GCC_WARN_64_TO_32_BIT_CONVERSION = YES;
				GCC_WARN_ABOUT_RETURN_TYPE = YES_ERROR;
				GCC_WARN_UNDECLARED_SELECTOR = YES;
				GCC_WARN_UNINITIALIZED_AUTOS = YES_AGGRESSIVE;
				GCC_WARN_UNUSED_FUNCTION = YES;
				GCC_WARN_UNUSED_VARIABLE = YES;
				IPHONEOS_DEPLOYMENT_TARGET = 13.4;
				MTL_ENABLE_DEBUG_INFO = NO;
				MTL_FAST_MATH = YES;
				SDKROOT = iphoneos;
				SWIFT_COMPILATION_MODE = wholemodule;
				SWIFT_OPTIMIZATION_LEVEL = "-O";
				VALIDATE_PRODUCT = YES;
			};
			name = Release;
		};
		52B792E1255620A900C6DBBB /* Debug */ = {
			isa = XCBuildConfiguration;
			buildSettings = {
				ASSETCATALOG_COMPILER_APPICON_NAME = AppIcon;
				CODE_SIGN_STYLE = Automatic;
				DEVELOPMENT_ASSET_PATHS = "\"NabeatsuCountUp/Preview Content\"";
				DEVELOPMENT_TEAM = ML8WWYATB3;
				ENABLE_PREVIEWS = YES;
				INFOPLIST_FILE = NabeatsuCountUp/Info.plist;
				LD_RUNPATH_SEARCH_PATHS = (
					"$(inherited)",
					"@executable_path/Frameworks",
				);
				PRODUCT_BUNDLE_IDENTIFIER = sakamoto.NabeatsuCountUp;
				PRODUCT_NAME = "$(TARGET_NAME)";
				SWIFT_VERSION = 5.0;
				TARGETED_DEVICE_FAMILY = "1,2";
			};
			name = Debug;
		};
		52B792E2255620A900C6DBBB /* Release */ = {
			isa = XCBuildConfiguration;
			buildSettings = {
				ASSETCATALOG_COMPILER_APPICON_NAME = AppIcon;
				CODE_SIGN_STYLE = Automatic;
				DEVELOPMENT_ASSET_PATHS = "\"NabeatsuCountUp/Preview Content\"";
				DEVELOPMENT_TEAM = ML8WWYATB3;
				ENABLE_PREVIEWS = YES;
				INFOPLIST_FILE = NabeatsuCountUp/Info.plist;
				LD_RUNPATH_SEARCH_PATHS = (
					"$(inherited)",
					"@executable_path/Frameworks",
				);
				PRODUCT_BUNDLE_IDENTIFIER = sakamoto.NabeatsuCountUp;
				PRODUCT_NAME = "$(TARGET_NAME)";
				SWIFT_VERSION = 5.0;
				TARGETED_DEVICE_FAMILY = "1,2";
			};
			name = Release;
		};
		52B792E4255620A900C6DBBB /* Debug */ = {
			isa = XCBuildConfiguration;
			buildSettings = {
				ALWAYS_EMBED_SWIFT_STANDARD_LIBRARIES = YES;
				BUNDLE_LOADER = "$(TEST_HOST)";
				CODE_SIGN_STYLE = Automatic;
				DEVELOPMENT_TEAM = ML8WWYATB3;
				INFOPLIST_FILE = NabeatsuCountUpTests/Info.plist;
				IPHONEOS_DEPLOYMENT_TARGET = 13.4;
				LD_RUNPATH_SEARCH_PATHS = (
					"$(inherited)",
					"@executable_path/Frameworks",
					"@loader_path/Frameworks",
				);
				PRODUCT_BUNDLE_IDENTIFIER = sakamoto.NabeatsuCountUpTests;
				PRODUCT_NAME = "$(TARGET_NAME)";
				SWIFT_VERSION = 5.0;
				TARGETED_DEVICE_FAMILY = "1,2";
				TEST_HOST = "$(BUILT_PRODUCTS_DIR)/NabeatsuCountUp.app/NabeatsuCountUp";
			};
			name = Debug;
		};
		52B792E5255620A900C6DBBB /* Release */ = {
			isa = XCBuildConfiguration;
			buildSettings = {
				ALWAYS_EMBED_SWIFT_STANDARD_LIBRARIES = YES;
				BUNDLE_LOADER = "$(TEST_HOST)";
				CODE_SIGN_STYLE = Automatic;
				DEVELOPMENT_TEAM = ML8WWYATB3;
				INFOPLIST_FILE = NabeatsuCountUpTests/Info.plist;
				IPHONEOS_DEPLOYMENT_TARGET = 13.4;
				LD_RUNPATH_SEARCH_PATHS = (
					"$(inherited)",
					"@executable_path/Frameworks",
					"@loader_path/Frameworks",
				);
				PRODUCT_BUNDLE_IDENTIFIER = sakamoto.NabeatsuCountUpTests;
				PRODUCT_NAME = "$(TARGET_NAME)";
				SWIFT_VERSION = 5.0;
				TARGETED_DEVICE_FAMILY = "1,2";
				TEST_HOST = "$(BUILT_PRODUCTS_DIR)/NabeatsuCountUp.app/NabeatsuCountUp";
			};
			name = Release;
		};
		52B792E7255620A900C6DBBB /* Debug */ = {
			isa = XCBuildConfiguration;
			buildSettings = {
				ALWAYS_EMBED_SWIFT_STANDARD_LIBRARIES = YES;
				CODE_SIGN_STYLE = Automatic;
				DEVELOPMENT_TEAM = ML8WWYATB3;
				INFOPLIST_FILE = NabeatsuCountUpUITests/Info.plist;
				LD_RUNPATH_SEARCH_PATHS = (
					"$(inherited)",
					"@executable_path/Frameworks",
					"@loader_path/Frameworks",
				);
				PRODUCT_BUNDLE_IDENTIFIER = sakamoto.NabeatsuCountUpUITests;
				PRODUCT_NAME = "$(TARGET_NAME)";
				SWIFT_VERSION = 5.0;
				TARGETED_DEVICE_FAMILY = "1,2";
				TEST_TARGET_NAME = NabeatsuCountUp;
			};
			name = Debug;
		};
		52B792E8255620A900C6DBBB /* Release */ = {
			isa = XCBuildConfiguration;
			buildSettings = {
				ALWAYS_EMBED_SWIFT_STANDARD_LIBRARIES = YES;
				CODE_SIGN_STYLE = Automatic;
				DEVELOPMENT_TEAM = ML8WWYATB3;
				INFOPLIST_FILE = NabeatsuCountUpUITests/Info.plist;
				LD_RUNPATH_SEARCH_PATHS = (
					"$(inherited)",
					"@executable_path/Frameworks",
					"@loader_path/Frameworks",
				);
				PRODUCT_BUNDLE_IDENTIFIER = sakamoto.NabeatsuCountUpUITests;
				PRODUCT_NAME = "$(TARGET_NAME)";
				SWIFT_VERSION = 5.0;
				TARGETED_DEVICE_FAMILY = "1,2";
				TEST_TARGET_NAME = NabeatsuCountUp;
			};
			name = Release;
		};
/* End XCBuildConfiguration section */

/* Begin XCConfigurationList section */
		52B792B1255620A500C6DBBB /* Build configuration list for PBXProject "NabeatsuCountUp" */ = {
			isa = XCConfigurationList;
			buildConfigurations = (
				52B792DE255620A900C6DBBB /* Debug */,
				52B792DF255620A900C6DBBB /* Release */,
			);
			defaultConfigurationIsVisible = 0;
			defaultConfigurationName = Release;
		};
		52B792E0255620A900C6DBBB /* Build configuration list for PBXNativeTarget "NabeatsuCountUp" */ = {
			isa = XCConfigurationList;
			buildConfigurations = (
				52B792E1255620A900C6DBBB /* Debug */,
				52B792E2255620A900C6DBBB /* Release */,
			);
			defaultConfigurationIsVisible = 0;
			defaultConfigurationName = Release;
		};
		52B792E3255620A900C6DBBB /* Build configuration list for PBXNativeTarget "NabeatsuCountUpTests" */ = {
			isa = XCConfigurationList;
			buildConfigurations = (
				52B792E4255620A900C6DBBB /* Debug */,
				52B792E5255620A900C6DBBB /* Release */,
			);
			defaultConfigurationIsVisible = 0;
			defaultConfigurationName = Release;
		};
		52B792E6255620A900C6DBBB /* Build configuration list for PBXNativeTarget "NabeatsuCountUpUITests" */ = {
			isa = XCConfigurationList;
			buildConfigurations = (
				52B792E7255620A900C6DBBB /* Debug */,
				52B792E8255620A900C6DBBB /* Release */,
			);
			defaultConfigurationIsVisible = 0;
			defaultConfigurationName = Release;
		};
/* End XCConfigurationList section */
	};
	rootObject = 52B792AE255620A500C6DBBB /* Project object */;
}
